
Microsoft Visual Studio Solution File, Format Version 12.00
# Visual Studio Version 16
VisualStudioVersion = 16.0.32002.261
MinimumVisualStudioVersion = 10.0.40219.1
Project("{9A19103F-16F7-4668-BE54-9A1E7A4F7556}") = "TMP Bot 2", "TMP Bot 2\TMP Bot 2.csproj", "{B065306C-1F36-4457-80CC-A4E113F9A402}"
EndProject
Global
	GlobalSection(SolutionConfigurationPlatforms) = preSolution
		Debug|Any CPU = Debug|Any CPU
		Release|Any CPU = Release|Any CPU
	EndGlobalSection
	GlobalSection(ProjectConfigurationPlatforms) = postSolution
		{B065306C-1F36-4457-80CC-A4E113F9A402}.Debug|Any CPU.ActiveCfg = Debug|Any CPU
		{B065306C-1F36-4457-80CC-A4E113F9A402}.Debug|Any CPU.Build.0 = Debug|Any CPU
		{B065306C-1F36-4457-80CC-A4E113F9A402}.Release|Any CPU.ActiveCfg = Release|Any CPU
		{B065306C-1F36-4457-80CC-A4E113F9A402}.Release|Any CPU.Build.0 = Release|Any CPU
	EndGlobalSection
	GlobalSection(SolutionProperties) = preSolution
		HideSolutionNode = FALSE
	EndGlobalSection
	GlobalSection(ExtensibilityGlobals) = postSolution
		SolutionGuid = {36CB619C-B96A-434A-B88D-4825B2A874AD}
	EndGlobalSection
EndGlobal
